<Solution>
  <Project Path="Application/Application.csproj" />
  <Project Path="Authorization/Authorization.csproj" />
  <Project Path="Contracts/Contracts.csproj" />
  <Project Path="docker-compose.dcproj">
    <Build />
  </Project>
  <Project Path="Domain/Domain.csproj" />
  <Project Path="Infrastructure/Infrastructure.csproj" />
  <Project Path="Presenters/Presenters.csproj" />
</Solution>
